
Microsoft Visual Studio Solution File, Format Version 12.00
# Visual Studio Version 16
VisualStudioVersion = 16.0.29020.237
MinimumVisualStudioVersion = 10.0.40219.1
Project("{FAE04EC0-301F-11D3-BF4B-00C04F79EFBC}") = "Hodina12.10.22", "Hodina12.10.22\Hodina12.10.22.csproj", "{1E67BE09-207E-4C96-9973-DB6DD2EB71E2}"
EndProject
Global
	GlobalSection(SolutionConfigurationPlatforms) = preSolution
		Debug|Any CPU = Debug|Any CPU
		Release|Any CPU = Release|Any CPU
	EndGlobalSection
	GlobalSection(ProjectConfigurationPlatforms) = postSolution
		{1E67BE09-207E-4C96-9973-DB6DD2EB71E2}.Debug|Any CPU.ActiveCfg = Debug|Any CPU
		{1E67BE09-207E-4C96-9973-DB6DD2EB71E2}.Debug|Any CPU.Build.0 = Debug|Any CPU
		{1E67BE09-207E-4C96-9973-DB6DD2EB71E2}.Release|Any CPU.ActiveCfg = Release|Any CPU
		{1E67BE09-207E-4C96-9973-DB6DD2EB71E2}.Release|Any CPU.Build.0 = Release|Any CPU
	EndGlobalSection
	GlobalSection(SolutionProperties) = preSolution
		HideSolutionNode = FALSE
	EndGlobalSection
	GlobalSection(ExtensibilityGlobals) = postSolution
		SolutionGuid = {3108FADA-91B7-401F-981B-FD6C6B3F85BF}
	EndGlobalSection
EndGlobal
